
Microsoft Visual Studio Solution File, Format Version 12.00
# Visual Studio Version 16
VisualStudioVersion = 16.0.28803.352
MinimumVisualStudioVersion = 10.0.40219.1
Project("{FAE04EC0-301F-11D3-BF4B-00C04F79EFBC}") = "LibraryOfUkrLit", "LibraryOfUkrLit\LibraryOfUkrLit.csproj", "{7868E12B-A93A-4F15-878E-F92330750E8E}"
EndProject
Global
	GlobalSection(SolutionConfigurationPlatforms) = preSolution
		Debug|Any CPU = Debug|Any CPU
		Release|Any CPU = Release|Any CPU
	EndGlobalSection
	GlobalSection(ProjectConfigurationPlatforms) = postSolution
		{7868E12B-A93A-4F15-878E-F92330750E8E}.Debug|Any CPU.ActiveCfg = Debug|Any CPU
		{7868E12B-A93A-4F15-878E-F92330750E8E}.Debug|Any CPU.Build.0 = Debug|Any CPU
		{7868E12B-A93A-4F15-878E-F92330750E8E}.Release|Any CPU.ActiveCfg = Release|Any CPU
		{7868E12B-A93A-4F15-878E-F92330750E8E}.Release|Any CPU.Build.0 = Release|Any CPU
	EndGlobalSection
	GlobalSection(SolutionProperties) = preSolution
		HideSolutionNode = FALSE
	EndGlobalSection
	GlobalSection(ExtensibilityGlobals) = postSolution
		SolutionGuid = {3D05CFDC-4D34-4CE9-B872-6AABB40EB4B2}
	EndGlobalSection
EndGlobal
